
Microsoft Visual Studio Solution File, Format Version 12.00
# Visual Studio Version 17
VisualStudioVersion = 17.9.34723.18
MinimumVisualStudioVersion = 10.0.40219.1
Project("{8BC9CEB8-8B4A-11D0-8D11-00A0C91BC942}") = "04_01", "04_01\04_01.vcxproj", "{BF7F6A0B-5E29-448A-91D6-308798218720}"
EndProject
Project("{8BC9CEB8-8B4A-11D0-8D11-00A0C91BC942}") = "04_02", "04_02\04_02.vcxproj", "{8DEB2151-8B67-4D83-B066-E395EAED9C7E}"
EndProject
Project("{8BC9CEB8-8B4A-11D0-8D11-00A0C91BC942}") = "04_03", "04_03\04_03.vcxproj", "{9F3F8005-FC63-4531-A790-BAFD84134C09}"
EndProject
Global
	GlobalSection(SolutionConfigurationPlatforms) = preSolution
		Debug|x64 = Debug|x64
		Debug|x86 = Debug|x86
		Release|x64 = Release|x64
		Release|x86 = Release|x86
	EndGlobalSection
	GlobalSection(ProjectConfigurationPlatforms) = postSolution
		{BF7F6A0B-5E29-448A-91D6-308798218720}.Debug|x64.ActiveCfg = Debug|x64
		{BF7F6A0B-5E29-448A-91D6-308798218720}.Debug|x64.Build.0 = Debug|x64
		{BF7F6A0B-5E29-448A-91D6-308798218720}.Debug|x86.ActiveCfg = Debug|Win32
		{BF7F6A0B-5E29-448A-91D6-308798218720}.Debug|x86.Build.0 = Debug|Win32
		{BF7F6A0B-5E29-448A-91D6-308798218720}.Release|x64.ActiveCfg = Release|x64
		{BF7F6A0B-5E29-448A-91D6-308798218720}.Release|x64.Build.0 = Release|x64
		{BF7F6A0B-5E29-448A-91D6-308798218720}.Release|x86.ActiveCfg = Release|Win32
		{BF7F6A0B-5E29-448A-91D6-308798218720}.Release|x86.Build.0 = Release|Win32
		{8DEB2151-8B67-4D83-B066-E395EAED9C7E}.Debug|x64.ActiveCfg = Debug|x64
		{8DEB2151-8B67-4D83-B066-E395EAED9C7E}.Debug|x64.Build.0 = Debug|x64
		{8DEB2151-8B67-4D83-B066-E395EAED9C7E}.Debug|x86.ActiveCfg = Debug|Win32
		{8DEB2151-8B67-4D83-B066-E395EAED9C7E}.Debug|x86.Build.0 = Debug|Win32
		{8DEB2151-8B67-4D83-B066-E395EAED9C7E}.Release|x64.ActiveCfg = Release|x64
		{8DEB2151-8B67-4D83-B066-E395EAED9C7E}.Release|x64.Build.0 = Release|x64
		{8DEB2151-8B67-4D83-B066-E395EAED9C7E}.Release|x86.ActiveCfg = Release|Win32
		{8DEB2151-8B67-4D83-B066-E395EAED9C7E}.Release|x86.Build.0 = Release|Win32
		{9F3F8005-FC63-4531-A790-BAFD84134C09}.Debug|x64.ActiveCfg = Debug|x64
		{9F3F8005-FC63-4531-A790-BAFD84134C09}.Debug|x64.Build.0 = Debug|x64
		{9F3F8005-FC63-4531-A790-BAFD84134C09}.Debug|x86.ActiveCfg = Debug|Win32
		{9F3F8005-FC63-4531-A790-BAFD84134C09}.Debug|x86.Build.0 = Debug|Win32
		{9F3F8005-FC63-4531-A790-BAFD84134C09}.Release|x64.ActiveCfg = Release|x64
		{9F3F8005-FC63-4531-A790-BAFD84134C09}.Release|x64.Build.0 = Release|x64
		{9F3F8005-FC63-4531-A790-BAFD84134C09}.Release|x86.ActiveCfg = Release|Win32
		{9F3F8005-FC63-4531-A790-BAFD84134C09}.Release|x86.Build.0 = Release|Win32
	EndGlobalSection
	GlobalSection(SolutionProperties) = preSolution
		HideSolutionNode = FALSE
	EndGlobalSection
	GlobalSection(ExtensibilityGlobals) = postSolution
		SolutionGuid = {193A0B45-2BDF-4432-944E-3B78058FDFEE}
	EndGlobalSection
EndGlobal
