
Microsoft Visual Studio Solution File, Format Version 12.00
# Visual Studio Version 17
VisualStudioVersion = 17.9.34607.119
MinimumVisualStudioVersion = 10.0.40219.1
Project("{8BC9CEB8-8B4A-11D0-8D11-00A0C91BC942}") = "03_01", "03_01\03_01.vcxproj", "{F3C6921F-5233-4F36-9991-B19430831EDD}"
EndProject
Global
	GlobalSection(SolutionConfigurationPlatforms) = preSolution
		Debug|x64 = Debug|x64
		Debug|x86 = Debug|x86
		Release|x64 = Release|x64
		Release|x86 = Release|x86
	EndGlobalSection
	GlobalSection(ProjectConfigurationPlatforms) = postSolution
		{F3C6921F-5233-4F36-9991-B19430831EDD}.Debug|x64.ActiveCfg = Debug|x64
		{F3C6921F-5233-4F36-9991-B19430831EDD}.Debug|x64.Build.0 = Debug|x64
		{F3C6921F-5233-4F36-9991-B19430831EDD}.Debug|x86.ActiveCfg = Debug|Win32
		{F3C6921F-5233-4F36-9991-B19430831EDD}.Debug|x86.Build.0 = Debug|Win32
		{F3C6921F-5233-4F36-9991-B19430831EDD}.Release|x64.ActiveCfg = Release|x64
		{F3C6921F-5233-4F36-9991-B19430831EDD}.Release|x64.Build.0 = Release|x64
		{F3C6921F-5233-4F36-9991-B19430831EDD}.Release|x86.ActiveCfg = Release|Win32
		{F3C6921F-5233-4F36-9991-B19430831EDD}.Release|x86.Build.0 = Release|Win32
	EndGlobalSection
	GlobalSection(SolutionProperties) = preSolution
		HideSolutionNode = FALSE
	EndGlobalSection
	GlobalSection(ExtensibilityGlobals) = postSolution
		SolutionGuid = {89BFE09C-41D5-47CA-8AD8-2944EA05843E}
	EndGlobalSection
EndGlobal
